
Microsoft Visual Studio Solution File, Format Version 12.00
# Visual Studio 2012
Project("{FAE04EC0-301F-11D3-BF4B-00C04F79EFBC}") = "WindowsFormsApplication4", "WindowsFormsApplication4.csproj", "{AA3BB0E9-5D1A-490E-887D-8767552141C7}"
EndProject
Global
	GlobalSection(SolutionConfigurationPlatforms) = preSolution
		Debug|Any CPU = Debug|Any CPU
		Release|Any CPU = Release|Any CPU
	EndGlobalSection
	GlobalSection(ProjectConfigurationPlatforms) = postSolution
		{AA3BB0E9-5D1A-490E-887D-8767552141C7}.Debug|Any CPU.ActiveCfg = Debug|Any CPU
		{AA3BB0E9-5D1A-490E-887D-8767552141C7}.Debug|Any CPU.Build.0 = Debug|Any CPU
		{AA3BB0E9-5D1A-490E-887D-8767552141C7}.Release|Any CPU.ActiveCfg = Release|Any CPU
		{AA3BB0E9-5D1A-490E-887D-8767552141C7}.Release|Any CPU.Build.0 = Release|Any CPU
	EndGlobalSection
EndGlobal
